
Microsoft Visual Studio Solution File, Format Version 12.00
# Visual Studio Version 17
VisualStudioVersion = 17.1.32407.343
MinimumVisualStudioVersion = 10.0.40219.1
Project("{FAE04EC0-301F-11D3-BF4B-00C04F79EFBC}") = "Arena Fighter", "Arena Fighter\Arena Fighter.csproj", "{C1847D0C-D016-4488-83ED-E0C6DA9A197F}"
EndProject
Global
	GlobalSection(SolutionConfigurationPlatforms) = preSolution
		Debug|Any CPU = Debug|Any CPU
		Release|Any CPU = Release|Any CPU
	EndGlobalSection
	GlobalSection(ProjectConfigurationPlatforms) = postSolution
		{C1847D0C-D016-4488-83ED-E0C6DA9A197F}.Debug|Any CPU.ActiveCfg = Debug|Any CPU
		{C1847D0C-D016-4488-83ED-E0C6DA9A197F}.Debug|Any CPU.Build.0 = Debug|Any CPU
		{C1847D0C-D016-4488-83ED-E0C6DA9A197F}.Release|Any CPU.ActiveCfg = Release|Any CPU
		{C1847D0C-D016-4488-83ED-E0C6DA9A197F}.Release|Any CPU.Build.0 = Release|Any CPU
	EndGlobalSection
	GlobalSection(SolutionProperties) = preSolution
		HideSolutionNode = FALSE
	EndGlobalSection
	GlobalSection(ExtensibilityGlobals) = postSolution
		SolutionGuid = {2295E0BD-1E5C-4825-9E1D-1703A7855F86}
	EndGlobalSection
EndGlobal
